
Microsoft Visual Studio Solution File, Format Version 12.00
# Visual Studio Version 16
VisualStudioVersion = 16.0.30524.135
MinimumVisualStudioVersion = 10.0.40219.1
Project("{9A19103F-16F7-4668-BE54-9A1E7A4F7556}") = "DetailMode", "DetailMode.csproj", "{C51EE48C-0A9E-4815-ADA0-D6A2EBA08019}"
EndProject
Global
	GlobalSection(SolutionConfigurationPlatforms) = preSolution
		Debug|Any CPU = Debug|Any CPU
		Release|Any CPU = Release|Any CPU
	EndGlobalSection
	GlobalSection(ProjectConfigurationPlatforms) = postSolution
		{C51EE48C-0A9E-4815-ADA0-D6A2EBA08019}.Debug|Any CPU.ActiveCfg = Debug|Any CPU
		{C51EE48C-0A9E-4815-ADA0-D6A2EBA08019}.Debug|Any CPU.Build.0 = Debug|Any CPU
		{C51EE48C-0A9E-4815-ADA0-D6A2EBA08019}.Release|Any CPU.ActiveCfg = Release|Any CPU
		{C51EE48C-0A9E-4815-ADA0-D6A2EBA08019}.Release|Any CPU.Build.0 = Release|Any CPU
	EndGlobalSection
	GlobalSection(SolutionProperties) = preSolution
		HideSolutionNode = FALSE
	EndGlobalSection
	GlobalSection(ExtensibilityGlobals) = postSolution
		SolutionGuid = {C6807CAA-BD69-4297-8422-7C5B8DEFA539}
	EndGlobalSection
EndGlobal
