
Microsoft Visual Studio Solution File, Format Version 12.00
# Visual Studio Version 17
VisualStudioVersion = 17.0.31903.59
MinimumVisualStudioVersion = 10.0.40219.1
Project("{2150E333-8FDC-42A3-9474-1A3956D46DE8}") = "src", "src", "{0582953A-1A0D-4C66-9174-CFB68FE4DC10}"
EndProject
Project("{2150E333-8FDC-42A3-9474-1A3956D46DE8}") = "Binding", "Binding", "{CB078742-D193-4903-9214-F68117B77DCC}"
EndProject
Project("{FAE04EC0-301F-11D3-BF4B-00C04F79EFBC}") = "ScriptRunner", "src\Binding\ScriptRunner\ScriptRunner.csproj", "{EECE08D0-853F-493D-A8A0-3104193FC01D}"
EndProject
Project("{2150E333-8FDC-42A3-9474-1A3956D46DE8}") = "Filter", "Filter", "{4F245E97-4284-45E7-9E22-D82EE47B63A0}"
EndProject
Project("{FAE04EC0-301F-11D3-BF4B-00C04F79EFBC}") = "MeL", "src\Filter\MeL\MeL.csproj", "{215F2248-5595-4D08-8C4D-4BF8AE63DB5F}"
EndProject
Project("{FAE04EC0-301F-11D3-BF4B-00C04F79EFBC}") = "PrecisionControl", "src\Filter\PrecisionControl\PrecisionControl.csproj", "{73AADFE4-F15C-4D24-A2F9-F5FB21D7B7D6}"
EndProject
Project("{FAE04EC0-301F-11D3-BF4B-00C04F79EFBC}") = "Reconstructor", "src\Filter\Reconstructor\Reconstructor.csproj", "{D8E23E62-CA2F-41E9-8F96-6405881CF8B2}"
EndProject
Project("{2150E333-8FDC-42A3-9474-1A3956D46DE8}") = "OutputMode", "OutputMode", "{A3E9B550-BDF2-4A69-A80F-9BB50FA4021A}"
EndProject
Project("{FAE04EC0-301F-11D3-BF4B-00C04F79EFBC}") = "TouchEmu", "src\OutputMode\TouchEmu\TouchEmu.csproj", "{2F82E975-319E-40E5-8C43-6F67F3F24CC6}"
EndProject
Project("{FAE04EC0-301F-11D3-BF4B-00C04F79EFBC}") = "VMultiMode", "src\OutputMode\VMultiMode\VMultiMode.csproj", "{863ED14B-B73C-430C-B420-B4B6F2670BED}"
EndProject
Project("{FAE04EC0-301F-11D3-BF4B-00C04F79EFBC}") = "WindowsInk", "src\OutputMode\WindowsInk\WindowsInk.csproj", "{8D1EDFA8-DF97-4559-B000-BEB761B6DB8B}"
EndProject
Global
	GlobalSection(SolutionConfigurationPlatforms) = preSolution
		Debug|Any CPU = Debug|Any CPU
		Release|Any CPU = Release|Any CPU
	EndGlobalSection
	GlobalSection(SolutionProperties) = preSolution
		HideSolutionNode = FALSE
	EndGlobalSection
	GlobalSection(ProjectConfigurationPlatforms) = postSolution
		{EECE08D0-853F-493D-A8A0-3104193FC01D}.Debug|Any CPU.ActiveCfg = Debug|Any CPU
		{EECE08D0-853F-493D-A8A0-3104193FC01D}.Debug|Any CPU.Build.0 = Debug|Any CPU
		{EECE08D0-853F-493D-A8A0-3104193FC01D}.Release|Any CPU.ActiveCfg = Release|Any CPU
		{EECE08D0-853F-493D-A8A0-3104193FC01D}.Release|Any CPU.Build.0 = Release|Any CPU
		{215F2248-5595-4D08-8C4D-4BF8AE63DB5F}.Debug|Any CPU.ActiveCfg = Debug|Any CPU
		{215F2248-5595-4D08-8C4D-4BF8AE63DB5F}.Debug|Any CPU.Build.0 = Debug|Any CPU
		{215F2248-5595-4D08-8C4D-4BF8AE63DB5F}.Release|Any CPU.ActiveCfg = Release|Any CPU
		{215F2248-5595-4D08-8C4D-4BF8AE63DB5F}.Release|Any CPU.Build.0 = Release|Any CPU
		{73AADFE4-F15C-4D24-A2F9-F5FB21D7B7D6}.Debug|Any CPU.ActiveCfg = Debug|Any CPU
		{73AADFE4-F15C-4D24-A2F9-F5FB21D7B7D6}.Debug|Any CPU.Build.0 = Debug|Any CPU
		{73AADFE4-F15C-4D24-A2F9-F5FB21D7B7D6}.Release|Any CPU.ActiveCfg = Release|Any CPU
		{73AADFE4-F15C-4D24-A2F9-F5FB21D7B7D6}.Release|Any CPU.Build.0 = Release|Any CPU
		{D8E23E62-CA2F-41E9-8F96-6405881CF8B2}.Debug|Any CPU.ActiveCfg = Debug|Any CPU
		{D8E23E62-CA2F-41E9-8F96-6405881CF8B2}.Debug|Any CPU.Build.0 = Debug|Any CPU
		{D8E23E62-CA2F-41E9-8F96-6405881CF8B2}.Release|Any CPU.ActiveCfg = Release|Any CPU
		{D8E23E62-CA2F-41E9-8F96-6405881CF8B2}.Release|Any CPU.Build.0 = Release|Any CPU
		{2F82E975-319E-40E5-8C43-6F67F3F24CC6}.Debug|Any CPU.ActiveCfg = Debug|Any CPU
		{2F82E975-319E-40E5-8C43-6F67F3F24CC6}.Debug|Any CPU.Build.0 = Debug|Any CPU
		{2F82E975-319E-40E5-8C43-6F67F3F24CC6}.Release|Any CPU.ActiveCfg = Release|Any CPU
		{2F82E975-319E-40E5-8C43-6F67F3F24CC6}.Release|Any CPU.Build.0 = Release|Any CPU
		{863ED14B-B73C-430C-B420-B4B6F2670BED}.Debug|Any CPU.ActiveCfg = Debug|Any CPU
		{863ED14B-B73C-430C-B420-B4B6F2670BED}.Debug|Any CPU.Build.0 = Debug|Any CPU
		{863ED14B-B73C-430C-B420-B4B6F2670BED}.Release|Any CPU.ActiveCfg = Release|Any CPU
		{863ED14B-B73C-430C-B420-B4B6F2670BED}.Release|Any CPU.Build.0 = Release|Any CPU
		{8D1EDFA8-DF97-4559-B000-BEB761B6DB8B}.Debug|Any CPU.ActiveCfg = Debug|Any CPU
		{8D1EDFA8-DF97-4559-B000-BEB761B6DB8B}.Debug|Any CPU.Build.0 = Debug|Any CPU
		{8D1EDFA8-DF97-4559-B000-BEB761B6DB8B}.Release|Any CPU.ActiveCfg = Release|Any CPU
		{8D1EDFA8-DF97-4559-B000-BEB761B6DB8B}.Release|Any CPU.Build.0 = Release|Any CPU
	EndGlobalSection
	GlobalSection(NestedProjects) = preSolution
		{CB078742-D193-4903-9214-F68117B77DCC} = {0582953A-1A0D-4C66-9174-CFB68FE4DC10}
		{EECE08D0-853F-493D-A8A0-3104193FC01D} = {CB078742-D193-4903-9214-F68117B77DCC}
		{4F245E97-4284-45E7-9E22-D82EE47B63A0} = {0582953A-1A0D-4C66-9174-CFB68FE4DC10}
		{215F2248-5595-4D08-8C4D-4BF8AE63DB5F} = {4F245E97-4284-45E7-9E22-D82EE47B63A0}
		{73AADFE4-F15C-4D24-A2F9-F5FB21D7B7D6} = {4F245E97-4284-45E7-9E22-D82EE47B63A0}
		{D8E23E62-CA2F-41E9-8F96-6405881CF8B2} = {4F245E97-4284-45E7-9E22-D82EE47B63A0}
		{A3E9B550-BDF2-4A69-A80F-9BB50FA4021A} = {0582953A-1A0D-4C66-9174-CFB68FE4DC10}
		{2F82E975-319E-40E5-8C43-6F67F3F24CC6} = {A3E9B550-BDF2-4A69-A80F-9BB50FA4021A}
		{863ED14B-B73C-430C-B420-B4B6F2670BED} = {A3E9B550-BDF2-4A69-A80F-9BB50FA4021A}
		{8D1EDFA8-DF97-4559-B000-BEB761B6DB8B} = {A3E9B550-BDF2-4A69-A80F-9BB50FA4021A}
	EndGlobalSection
EndGlobal
