
Microsoft Visual Studio Solution File, Format Version 12.00
# Visual Studio 15
VisualStudioVersion = 15.0.26124.0
MinimumVisualStudioVersion = 15.0.26124.0
Project("{2150E333-8FDC-42A3-9474-1A3956D46DE8}") = "Binding", "Binding", "{CFC2BC9E-CFD6-4B01-946D-43C26E6C2108}"
EndProject
Project("{FAE04EC0-301F-11D3-BF4B-00C04F79EFBC}") = "ScriptRunner", "Binding\ScriptRunner\ScriptRunner.csproj", "{33F0E415-AB65-43F2-8AE2-3462B56B9E91}"
EndProject
Project("{2150E333-8FDC-42A3-9474-1A3956D46DE8}") = "Filter", "Filter", "{6EFE4444-C6E7-4743-8EE5-7A2BE7493457}"
EndProject
Project("{FAE04EC0-301F-11D3-BF4B-00C04F79EFBC}") = "MeL", "Filter\MeL\MeL.csproj", "{DA5A9F04-F22A-46EE-A26D-B308548BC232}"
EndProject
Project("{FAE04EC0-301F-11D3-BF4B-00C04F79EFBC}") = "PrecisionControl", "Filter\PrecisionControl\PrecisionControl.csproj", "{4D72A437-03CB-4869-9E34-7424A3CFCF46}"
EndProject
Project("{FAE04EC0-301F-11D3-BF4B-00C04F79EFBC}") = "Reconstructor", "Filter\Reconstructor\Reconstructor.csproj", "{A71AF919-AC3C-4F99-9525-6A48A69502A0}"
EndProject
Project("{2150E333-8FDC-42A3-9474-1A3956D46DE8}") = "OutputMode", "OutputMode", "{44DF0884-9B34-45CA-92B7-2D57DCA3A1A8}"
EndProject
Project("{FAE04EC0-301F-11D3-BF4B-00C04F79EFBC}") = "TouchEmu", "OutputMode\TouchEmu\TouchEmu.csproj", "{40F46E98-3485-4805-A70A-EAC5C6E0BACC}"
EndProject
Project("{FAE04EC0-301F-11D3-BF4B-00C04F79EFBC}") = "VMultiMode", "OutputMode\VMultiMode\VMultiMode.csproj", "{A0101CA9-B8C8-4715-81E6-0A1EB34CA739}"
EndProject
Project("{FAE04EC0-301F-11D3-BF4B-00C04F79EFBC}") = "WindowsInk", "OutputMode\WindowsInk\WindowsInk.csproj", "{D8DBD60E-BE5C-43DE-AEB6-D6ADBAC3BE8C}"
EndProject
Project("{2150E333-8FDC-42A3-9474-1A3956D46DE8}") = "VoiDPlugins.Library", "VoiDPlugins.Library", "{9B841994-6F85-4834-8C8C-04D196FE388A}"
EndProject
Project("{FAE04EC0-301F-11D3-BF4B-00C04F79EFBC}") = "VMulti", "VoiDPlugins.Library\VMulti\VMulti.csproj", "{E6A1BA35-D3D4-4F28-9B59-FA946B3039C7}"
EndProject
Global
	GlobalSection(SolutionConfigurationPlatforms) = preSolution
		Debug|Any CPU = Debug|Any CPU
		Debug|x64 = Debug|x64
		Debug|x86 = Debug|x86
		Release|Any CPU = Release|Any CPU
		Release|x64 = Release|x64
		Release|x86 = Release|x86
	EndGlobalSection
	GlobalSection(SolutionProperties) = preSolution
		HideSolutionNode = FALSE
	EndGlobalSection
	GlobalSection(ProjectConfigurationPlatforms) = postSolution
		{33F0E415-AB65-43F2-8AE2-3462B56B9E91}.Debug|Any CPU.ActiveCfg = Debug|Any CPU
		{33F0E415-AB65-43F2-8AE2-3462B56B9E91}.Debug|Any CPU.Build.0 = Debug|Any CPU
		{33F0E415-AB65-43F2-8AE2-3462B56B9E91}.Debug|x64.ActiveCfg = Debug|Any CPU
		{33F0E415-AB65-43F2-8AE2-3462B56B9E91}.Debug|x64.Build.0 = Debug|Any CPU
		{33F0E415-AB65-43F2-8AE2-3462B56B9E91}.Debug|x86.ActiveCfg = Debug|Any CPU
		{33F0E415-AB65-43F2-8AE2-3462B56B9E91}.Debug|x86.Build.0 = Debug|Any CPU
		{33F0E415-AB65-43F2-8AE2-3462B56B9E91}.Release|Any CPU.ActiveCfg = Release|Any CPU
		{33F0E415-AB65-43F2-8AE2-3462B56B9E91}.Release|Any CPU.Build.0 = Release|Any CPU
		{33F0E415-AB65-43F2-8AE2-3462B56B9E91}.Release|x64.ActiveCfg = Release|Any CPU
		{33F0E415-AB65-43F2-8AE2-3462B56B9E91}.Release|x64.Build.0 = Release|Any CPU
		{33F0E415-AB65-43F2-8AE2-3462B56B9E91}.Release|x86.ActiveCfg = Release|Any CPU
		{33F0E415-AB65-43F2-8AE2-3462B56B9E91}.Release|x86.Build.0 = Release|Any CPU
		{DA5A9F04-F22A-46EE-A26D-B308548BC232}.Debug|Any CPU.ActiveCfg = Debug|Any CPU
		{DA5A9F04-F22A-46EE-A26D-B308548BC232}.Debug|Any CPU.Build.0 = Debug|Any CPU
		{DA5A9F04-F22A-46EE-A26D-B308548BC232}.Debug|x64.ActiveCfg = Debug|Any CPU
		{DA5A9F04-F22A-46EE-A26D-B308548BC232}.Debug|x64.Build.0 = Debug|Any CPU
		{DA5A9F04-F22A-46EE-A26D-B308548BC232}.Debug|x86.ActiveCfg = Debug|Any CPU
		{DA5A9F04-F22A-46EE-A26D-B308548BC232}.Debug|x86.Build.0 = Debug|Any CPU
		{DA5A9F04-F22A-46EE-A26D-B308548BC232}.Release|Any CPU.ActiveCfg = Release|Any CPU
		{DA5A9F04-F22A-46EE-A26D-B308548BC232}.Release|Any CPU.Build.0 = Release|Any CPU
		{DA5A9F04-F22A-46EE-A26D-B308548BC232}.Release|x64.ActiveCfg = Release|Any CPU
		{DA5A9F04-F22A-46EE-A26D-B308548BC232}.Release|x64.Build.0 = Release|Any CPU
		{DA5A9F04-F22A-46EE-A26D-B308548BC232}.Release|x86.ActiveCfg = Release|Any CPU
		{DA5A9F04-F22A-46EE-A26D-B308548BC232}.Release|x86.Build.0 = Release|Any CPU
		{4D72A437-03CB-4869-9E34-7424A3CFCF46}.Debug|Any CPU.ActiveCfg = Debug|Any CPU
		{4D72A437-03CB-4869-9E34-7424A3CFCF46}.Debug|Any CPU.Build.0 = Debug|Any CPU
		{4D72A437-03CB-4869-9E34-7424A3CFCF46}.Debug|x64.ActiveCfg = Debug|Any CPU
		{4D72A437-03CB-4869-9E34-7424A3CFCF46}.Debug|x64.Build.0 = Debug|Any CPU
		{4D72A437-03CB-4869-9E34-7424A3CFCF46}.Debug|x86.ActiveCfg = Debug|Any CPU
		{4D72A437-03CB-4869-9E34-7424A3CFCF46}.Debug|x86.Build.0 = Debug|Any CPU
		{4D72A437-03CB-4869-9E34-7424A3CFCF46}.Release|Any CPU.ActiveCfg = Release|Any CPU
		{4D72A437-03CB-4869-9E34-7424A3CFCF46}.Release|Any CPU.Build.0 = Release|Any CPU
		{4D72A437-03CB-4869-9E34-7424A3CFCF46}.Release|x64.ActiveCfg = Release|Any CPU
		{4D72A437-03CB-4869-9E34-7424A3CFCF46}.Release|x64.Build.0 = Release|Any CPU
		{4D72A437-03CB-4869-9E34-7424A3CFCF46}.Release|x86.ActiveCfg = Release|Any CPU
		{4D72A437-03CB-4869-9E34-7424A3CFCF46}.Release|x86.Build.0 = Release|Any CPU
		{A71AF919-AC3C-4F99-9525-6A48A69502A0}.Debug|Any CPU.ActiveCfg = Debug|Any CPU
		{A71AF919-AC3C-4F99-9525-6A48A69502A0}.Debug|Any CPU.Build.0 = Debug|Any CPU
		{A71AF919-AC3C-4F99-9525-6A48A69502A0}.Debug|x64.ActiveCfg = Debug|Any CPU
		{A71AF919-AC3C-4F99-9525-6A48A69502A0}.Debug|x64.Build.0 = Debug|Any CPU
		{A71AF919-AC3C-4F99-9525-6A48A69502A0}.Debug|x86.ActiveCfg = Debug|Any CPU
		{A71AF919-AC3C-4F99-9525-6A48A69502A0}.Debug|x86.Build.0 = Debug|Any CPU
		{A71AF919-AC3C-4F99-9525-6A48A69502A0}.Release|Any CPU.ActiveCfg = Release|Any CPU
		{A71AF919-AC3C-4F99-9525-6A48A69502A0}.Release|Any CPU.Build.0 = Release|Any CPU
		{A71AF919-AC3C-4F99-9525-6A48A69502A0}.Release|x64.ActiveCfg = Release|Any CPU
		{A71AF919-AC3C-4F99-9525-6A48A69502A0}.Release|x64.Build.0 = Release|Any CPU
		{A71AF919-AC3C-4F99-9525-6A48A69502A0}.Release|x86.ActiveCfg = Release|Any CPU
		{A71AF919-AC3C-4F99-9525-6A48A69502A0}.Release|x86.Build.0 = Release|Any CPU
		{40F46E98-3485-4805-A70A-EAC5C6E0BACC}.Debug|Any CPU.ActiveCfg = Debug|Any CPU
		{40F46E98-3485-4805-A70A-EAC5C6E0BACC}.Debug|Any CPU.Build.0 = Debug|Any CPU
		{40F46E98-3485-4805-A70A-EAC5C6E0BACC}.Debug|x64.ActiveCfg = Debug|Any CPU
		{40F46E98-3485-4805-A70A-EAC5C6E0BACC}.Debug|x64.Build.0 = Debug|Any CPU
		{40F46E98-3485-4805-A70A-EAC5C6E0BACC}.Debug|x86.ActiveCfg = Debug|Any CPU
		{40F46E98-3485-4805-A70A-EAC5C6E0BACC}.Debug|x86.Build.0 = Debug|Any CPU
		{40F46E98-3485-4805-A70A-EAC5C6E0BACC}.Release|Any CPU.ActiveCfg = Release|Any CPU
		{40F46E98-3485-4805-A70A-EAC5C6E0BACC}.Release|Any CPU.Build.0 = Release|Any CPU
		{40F46E98-3485-4805-A70A-EAC5C6E0BACC}.Release|x64.ActiveCfg = Release|Any CPU
		{40F46E98-3485-4805-A70A-EAC5C6E0BACC}.Release|x64.Build.0 = Release|Any CPU
		{40F46E98-3485-4805-A70A-EAC5C6E0BACC}.Release|x86.ActiveCfg = Release|Any CPU
		{40F46E98-3485-4805-A70A-EAC5C6E0BACC}.Release|x86.Build.0 = Release|Any CPU
		{A0101CA9-B8C8-4715-81E6-0A1EB34CA739}.Debug|Any CPU.ActiveCfg = Debug|Any CPU
		{A0101CA9-B8C8-4715-81E6-0A1EB34CA739}.Debug|Any CPU.Build.0 = Debug|Any CPU
		{A0101CA9-B8C8-4715-81E6-0A1EB34CA739}.Debug|x64.ActiveCfg = Debug|Any CPU
		{A0101CA9-B8C8-4715-81E6-0A1EB34CA739}.Debug|x64.Build.0 = Debug|Any CPU
		{A0101CA9-B8C8-4715-81E6-0A1EB34CA739}.Debug|x86.ActiveCfg = Debug|Any CPU
		{A0101CA9-B8C8-4715-81E6-0A1EB34CA739}.Debug|x86.Build.0 = Debug|Any CPU
		{A0101CA9-B8C8-4715-81E6-0A1EB34CA739}.Release|Any CPU.ActiveCfg = Release|Any CPU
		{A0101CA9-B8C8-4715-81E6-0A1EB34CA739}.Release|Any CPU.Build.0 = Release|Any CPU
		{A0101CA9-B8C8-4715-81E6-0A1EB34CA739}.Release|x64.ActiveCfg = Release|Any CPU
		{A0101CA9-B8C8-4715-81E6-0A1EB34CA739}.Release|x64.Build.0 = Release|Any CPU
		{A0101CA9-B8C8-4715-81E6-0A1EB34CA739}.Release|x86.ActiveCfg = Release|Any CPU
		{A0101CA9-B8C8-4715-81E6-0A1EB34CA739}.Release|x86.Build.0 = Release|Any CPU
		{D8DBD60E-BE5C-43DE-AEB6-D6ADBAC3BE8C}.Debug|Any CPU.ActiveCfg = Debug|Any CPU
		{D8DBD60E-BE5C-43DE-AEB6-D6ADBAC3BE8C}.Debug|Any CPU.Build.0 = Debug|Any CPU
		{D8DBD60E-BE5C-43DE-AEB6-D6ADBAC3BE8C}.Debug|x64.ActiveCfg = Debug|Any CPU
		{D8DBD60E-BE5C-43DE-AEB6-D6ADBAC3BE8C}.Debug|x64.Build.0 = Debug|Any CPU
		{D8DBD60E-BE5C-43DE-AEB6-D6ADBAC3BE8C}.Debug|x86.ActiveCfg = Debug|Any CPU
		{D8DBD60E-BE5C-43DE-AEB6-D6ADBAC3BE8C}.Debug|x86.Build.0 = Debug|Any CPU
		{D8DBD60E-BE5C-43DE-AEB6-D6ADBAC3BE8C}.Release|Any CPU.ActiveCfg = Release|Any CPU
		{D8DBD60E-BE5C-43DE-AEB6-D6ADBAC3BE8C}.Release|Any CPU.Build.0 = Release|Any CPU
		{D8DBD60E-BE5C-43DE-AEB6-D6ADBAC3BE8C}.Release|x64.ActiveCfg = Release|Any CPU
		{D8DBD60E-BE5C-43DE-AEB6-D6ADBAC3BE8C}.Release|x64.Build.0 = Release|Any CPU
		{D8DBD60E-BE5C-43DE-AEB6-D6ADBAC3BE8C}.Release|x86.ActiveCfg = Release|Any CPU
		{D8DBD60E-BE5C-43DE-AEB6-D6ADBAC3BE8C}.Release|x86.Build.0 = Release|Any CPU
		{E6A1BA35-D3D4-4F28-9B59-FA946B3039C7}.Debug|Any CPU.ActiveCfg = Debug|Any CPU
		{E6A1BA35-D3D4-4F28-9B59-FA946B3039C7}.Debug|Any CPU.Build.0 = Debug|Any CPU
		{E6A1BA35-D3D4-4F28-9B59-FA946B3039C7}.Debug|x64.ActiveCfg = Debug|Any CPU
		{E6A1BA35-D3D4-4F28-9B59-FA946B3039C7}.Debug|x64.Build.0 = Debug|Any CPU
		{E6A1BA35-D3D4-4F28-9B59-FA946B3039C7}.Debug|x86.ActiveCfg = Debug|Any CPU
		{E6A1BA35-D3D4-4F28-9B59-FA946B3039C7}.Debug|x86.Build.0 = Debug|Any CPU
		{E6A1BA35-D3D4-4F28-9B59-FA946B3039C7}.Release|Any CPU.ActiveCfg = Release|Any CPU
		{E6A1BA35-D3D4-4F28-9B59-FA946B3039C7}.Release|Any CPU.Build.0 = Release|Any CPU
		{E6A1BA35-D3D4-4F28-9B59-FA946B3039C7}.Release|x64.ActiveCfg = Release|Any CPU
		{E6A1BA35-D3D4-4F28-9B59-FA946B3039C7}.Release|x64.Build.0 = Release|Any CPU
		{E6A1BA35-D3D4-4F28-9B59-FA946B3039C7}.Release|x86.ActiveCfg = Release|Any CPU
		{E6A1BA35-D3D4-4F28-9B59-FA946B3039C7}.Release|x86.Build.0 = Release|Any CPU
	EndGlobalSection
	GlobalSection(NestedProjects) = preSolution
		{33F0E415-AB65-43F2-8AE2-3462B56B9E91} = {CFC2BC9E-CFD6-4B01-946D-43C26E6C2108}
		{DA5A9F04-F22A-46EE-A26D-B308548BC232} = {6EFE4444-C6E7-4743-8EE5-7A2BE7493457}
		{4D72A437-03CB-4869-9E34-7424A3CFCF46} = {6EFE4444-C6E7-4743-8EE5-7A2BE7493457}
		{A71AF919-AC3C-4F99-9525-6A48A69502A0} = {6EFE4444-C6E7-4743-8EE5-7A2BE7493457}
		{40F46E98-3485-4805-A70A-EAC5C6E0BACC} = {44DF0884-9B34-45CA-92B7-2D57DCA3A1A8}
		{A0101CA9-B8C8-4715-81E6-0A1EB34CA739} = {44DF0884-9B34-45CA-92B7-2D57DCA3A1A8}
		{D8DBD60E-BE5C-43DE-AEB6-D6ADBAC3BE8C} = {44DF0884-9B34-45CA-92B7-2D57DCA3A1A8}
		{E6A1BA35-D3D4-4F28-9B59-FA946B3039C7} = {9B841994-6F85-4834-8C8C-04D196FE388A}
	EndGlobalSection
EndGlobal
